{
  "version": 4,
  "terraform_version": "1.1.3",
  "serial": 3,
  "lineage": "92435d4c-323e-d9a7-95cf-e5373a8294ca",
  "outputs": {
    "github_repo_branches": {
      "value": [
        {
          "name": "main",
          "protected": false
        }
      ],
      "type": [
        "list",
        [
          "object",
          {
            "name": "string",
            "protected": "bool"
          }
        ]
      ]
    },
    "github_repo_full_name": {
      "value": "library-ucsb/iac-service-github-action-runners",
      "type": "string"
    },
    "github_repo_ssh_clone_url": {
      "value": "git@github.com:library-ucsb/iac-service-github-action-runners.git",
      "type": "string"
    },
    "tfc_workspace_id": {
      "value": "ws-51bffSjgQ2dWiKue",
      "type": "string"
    }
  },
  "resources": [
    {
      "module": "module.gh_repo",
      "mode": "managed",
      "type": "github_repository",
      "name": "repo",
      "provider": "provider[\"registry.terraform.io/integrations/github\"]",
      "instances": [
        {
          "schema_version": 0,
          "attributes": {
            "allow_auto_merge": true,
            "allow_merge_commit": false,
            "allow_rebase_merge": true,
            "allow_squash_merge": true,
            "archive_on_destroy": false,
            "archived": false,
            "auto_init": true,
            "branches": [
              {
                "name": "main",
                "protected": false
              }
            ],
            "default_branch": "main",
            "delete_branch_on_merge": false,
            "description": "",
            "etag": "W/\"380f5a849d2366b22d48e4b8fc400a455f2797054a8b7da46ac7aa074051777e\"",
            "full_name": "library-ucsb/iac-service-github-action-runners",
            "git_clone_url": "git://github.com/library-ucsb/iac-service-github-action-runners.git",
            "gitignore_template": null,
            "has_downloads": true,
            "has_issues": false,
            "has_projects": false,
            "has_wiki": false,
            "homepage_url": "",
            "html_url": "https://github.com/library-ucsb/iac-service-github-action-runners",
            "http_clone_url": "https://github.com/library-ucsb/iac-service-github-action-runners.git",
            "id": "iac-service-github-action-runners",
            "is_template": false,
            "license_template": null,
            "name": "iac-service-github-action-runners",
            "node_id": "R_kgDOGqrWIA",
            "pages": [],
            "private": true,
            "repo_id": 447403552,
            "ssh_clone_url": "git@github.com:library-ucsb/iac-service-github-action-runners.git",
            "svn_url": "https://github.com/library-ucsb/iac-service-github-action-runners",
            "template": [],
            "topics": null,
            "visibility": "private",
            "vulnerability_alerts": false
          },
          "sensitive_attributes": [],
          "private": "bnVsbA=="
        }
      ]
    },
    {
      "module": "module.tfc_workspace",
      "mode": "managed",
      "type": "tfe_workspace",
      "name": "workspace",
      "provider": "provider[\"registry.terraform.io/hashicorp/tfe\"]",
      "instances": [
        {
          "schema_version": 1,
          "attributes": {
            "agent_pool_id": "",
            "allow_destroy_plan": false,
            "auto_apply": false,
            "description": "",
            "execution_mode": "remote",
            "file_triggers_enabled": true,
            "global_remote_state": false,
            "id": "ws-51bffSjgQ2dWiKue",
            "name": "service-github-action-runners",
            "operations": true,
            "organization": "ucsb-me",
            "queue_all_runs": true,
            "remote_state_consumer_ids": null,
            "speculative_enabled": true,
            "ssh_key_id": "",
            "structured_run_output_enabled": true,
            "tag_names": [],
            "terraform_version": "1.1.3",
            "trigger_prefixes": null,
            "vcs_repo": [
              {
                "branch": "",
                "identifier": "library-ucsb/iac-service-github-action-runners",
                "ingress_submodules": false,
                "oauth_token_id": "ot-GYEisCSeuP8h2z2a"
              }
            ],
            "working_directory": ""
          },
          "sensitive_attributes": [],
          "private": "eyJzY2hlbWFfdmVyc2lvbiI6IjEifQ==",
          "dependencies": [
            "module.gh_repo.github_repository.repo"
          ]
        }
      ]
    }
  ]
}
